# This file was autogenerated by Stack.
# You should not edit this file by hand.
# For more information, please see the documentation at:
#   https://docs.haskellstack.org/en/stable/lock_files

packages:
- completed:
    hackage: emoji-0.1.0.2@sha256:d995572a5c7dcd28f98eb15c6e387a7b3bda1ac2477ab0d9dba8580d5d7b161f,1273
    pantry-tree:
      size: 437
      sha256: dd9ea90a631342e5db0fc21331ade4d563a685e9125d5a3989eefa8e1b96c6c6
  original:
    hackage: emoji-0.1.0.2
- completed:
    hackage: discord-haskell-1.8.9@sha256:70db1ad4cc268378b695395181d2d60d1f6034de5c508f569b8a5fbcbb4cb7a3,3630
    pantry-tree:
      size: 2107
      sha256: 963ee0a83369a0094f19116019cacd3bc6d459f5520d298e7a0079e319aeb9f3
  original:
    hackage: discord-haskell-1.8.9
- completed:
    hackage: aeson-2.0.2.0@sha256:5720fffb7289366029f2b7940e9f8b22a1b4c282f0cef4710685b1d14d76bdc7,6327
    pantry-tree:
      size: 37910
      sha256: 6de8e70acd5ed455ac33d7496e8dbf994067f1f845dd420e7256623b2a8dee8b
  original:
    hackage: aeson-2.0.2.0
- completed:
    hackage: lens-aeson-1.1.3@sha256:ebfe48fcf9697d4cbc7a473dcce331409c41bec2807b393e8d5f3906b55a141a,1691
    pantry-tree:
      size: 541
      sha256: a31faad7e0d1280024ab623410eb8dcee0cf0a2b39d2bc1d9e0f1e07fff2c2ae
  original:
    hackage: lens-aeson-1.1.3
- completed:
    hackage: OneTuple-0.3.1@sha256:a848c096c9d29e82ffdd30a9998aa2931cbccb3a1bc137539d80f6174d31603e,2262
    pantry-tree:
      size: 506
      sha256: a685b08622f1fe0641e4f228a290878a1db4f7ef3eb63d00b10e8632097d1e6f
  original:
    hackage: OneTuple-0.3.1
- completed:
    hackage: extensible-0.8.3@sha256:2886978a81e9c2ff29a93caf7ae847a8b7724dc4ee22381c5d29ca8318c686c4,2955
    pantry-tree:
      size: 2041
      sha256: 670fd3807d351e2668eb7c10d926c24501ef190e49e4a4624acc822b09b257b4
  original:
    hackage: extensible-0.8.3
- completed:
    hackage: incremental-0.3.1@sha256:9c697bae4f7e5ceb144bde13e03ca2f36b4bc2d0c92bbc02e0a604231ee279c2,1153
    pantry-tree:
      size: 370
      sha256: fd5f40352dbf1602babd2c5db2a120c26e57bbd5ad30b19ce24d04189f6a18d1
  original:
    hackage: incremental-0.3.1
- completed:
    hackage: membership-0.0.1@sha256:6c4d4ab6e3fb3253c6c670e8a63f74454dc91be50b9f292d0b1355792190aee5,999
    pantry-tree:
      size: 408
      sha256: b918a1a207108313b2bf453b0d9aa65122d9845c4b360c8ade46d3429ff1107a
  original:
    hackage: membership-0.0.1
- completed:
    hackage: semialign-1.2.0.1@sha256:0e179b4d3a8eff79001d374d6c91917c6221696b9620f0a4d86852fc6a9b9501,2836
    pantry-tree:
      size: 537
      sha256: 635bbbb517f0c063a4bc2e9e6efdb0e598b9d9fd467f52df81ab3a4af1fd923b
  original:
    hackage: semialign-1.2.0.1
- completed:
    hackage: redis-0.14.2@sha256:246b7286193379d23ac40797d97a129521bad67941c292f118e0fcc6b212f106,3252
    pantry-tree:
      size: 1821
      sha256: 6aa537c744f0e83ed041bf39ecb13f52e4fb940b0cc75430a6ae75c8d0894dcb
  original:
    hackage: redis-0.14.2
- completed:
    hackage: Chart-cairo-1.9.3@sha256:f79100109af9c83f65d23c3409b2a449820e523d468d1f2340f2dd36acfd237d,924
    pantry-tree:
      size: 238
      sha256: 6a84b766c3231380ab8d77102e4f1876b7868f99fbaf449dc0b46e293cbc59b2
  original:
    hackage: Chart-cairo-1.9.3
- completed:
    hackage: cairo-0.13.8.1@sha256:1938aaeb5d3504678d995774dfe870f6b66cbd43d336b692fa8779b23b2b67a9,4075
    pantry-tree:
      size: 2830
      sha256: 8f6344da4c578a4dd3a49c333e2158b695bfae32a74d34a76bbc6e531b70c95c
  original:
    hackage: cairo-0.13.8.1
- completed:
    hackage: gtk2hs-buildtools-0.13.8.2@sha256:01c4a6cc3679008bd4caec32b49843acb27a5f48ee2b22484218f097835548f6,5238
    pantry-tree:
      size: 3588
      sha256: 1c3b449a69f4bb2d27c09a89e447552a58201a3febf5418e67af0001a0cbb0a7
  original:
    hackage: gtk2hs-buildtools-0.13.8.2
- completed:
    hackage: Chart-diagrams-1.9.3@sha256:63668daff044a79827b7edb265265a4a8237424abb8f808ad1fcbdb3d47e753d,1801
    pantry-tree:
      size: 934
      sha256: a22d6af342382f81988881de23dfab36cc6491ba46edb8697066f5dbde237635
  original:
    hackage: Chart-diagrams-1.9.3
- completed:
    hackage: Chart-gtk-1.9.3@sha256:f85c04ad9b12b1f9e7331724e63222c2b3a74e67707ca733aa771120f24d0175,916
    pantry-tree:
      size: 225
      sha256: 82dddd63023abe54b8d0e8ab6693e8f5d5a7b23cf5b6c47123eacc0b3bdc23ef
  original:
    hackage: Chart-gtk-1.9.3
- completed:
    hackage: SVGFonts-1.7.0.1@sha256:1aac5ffd1a7c09317f92e9d31380d61eb96ce412b0dbd4e2d22c609c3d0be360,4039
    pantry-tree:
      size: 1836
      sha256: 69e91027b97050991ce3a1f360a9a63ce90be8c3661a5c3db184536485e645cf
  original:
    hackage: SVGFonts-1.7.0.1
- completed:
    hackage: diagrams-core-1.5.0@sha256:eae2e82ad2e5ddbbfc9875067a0810dc4ebf35549ca6d0018a536d94b3aa7bf1,2973
    pantry-tree:
      size: 2018
      sha256: 55a663e11c72359d0acedbc7e438f4cfbd5a9661525e464e2b42d746cbcd776d
  original:
    hackage: diagrams-core-1.5.0
- completed:
    hackage: diagrams-lib-1.4.4@sha256:1129be254377b926ce2e932113e4bd06256de878d163fbcbacacf1be97bdf3b0,8220
    pantry-tree:
      size: 11604
      sha256: a96099f5e6e4c3236dd2c2dd301e5498a1dd4b968a05dcec144c46eb53e6d912
  original:
    hackage: diagrams-lib-1.4.4
- completed:
    hackage: diagrams-postscript-1.5@sha256:ea9ef970f653072cfde9715fad92481eedcc72a94da543c52a68ca33100902ab,2369
    pantry-tree:
      size: 480
      sha256: 18c9abaa057965a85174a6f884e850af37711ba55c708bbd6127384e0180e46b
  original:
    hackage: diagrams-postscript-1.5
- completed:
    hackage: diagrams-svg-1.4.3@sha256:407ff78cb7bd1f44c68b0059036186f17a281a053901e29d0139ab151e703247,3159
    pantry-tree:
      size: 475
      sha256: 53c2221ee415d9bfc2f0dd886b67b1edbfdb91f68e809b43cf0bb830fc870ad7
  original:
    hackage: diagrams-svg-1.4.3
- completed:
    hackage: gtk-0.15.5@sha256:62b0ed14e07e57f13a575d36f37c6f250ee9ed45d68d492685e8bd26c35c2203,16598
    pantry-tree:
      size: 21349
      sha256: 4ac5265002ca446b309acc48e469e37ec2b09827886af4e733bd1f68539a4879
  original:
    hackage: gtk-0.15.5
- completed:
    hackage: svg-builder-0.1.1@sha256:22de54d326a6b6912e461e1302edb9108b02aac0b6a6368fcdc3c4a224d487fd,1440
    pantry-tree:
      size: 535
      sha256: 677ee9598c5dedb3ef8959c26a6c65f29b3e1e3c5e83433921aef17d86a22d50
  original:
    hackage: svg-builder-0.1.1
- completed:
    hackage: dual-tree-0.2.3.0@sha256:bba5476c1cefc3802708a72ab22b5eab9e182cc065507f4a1f673ebdfc694bad,2884
    pantry-tree:
      size: 387
      sha256: de4db590b1d73eaeb2c39b9cdea9b83f99adc81841b74da61548568b02143a52
  original:
    hackage: dual-tree-0.2.3.0
- completed:
    hackage: gio-0.13.8.1@sha256:7404841eefdfffb50c2b5f63879ffe4bf40fb5ddf90a7f633494eca0e23150a5,3136
    pantry-tree:
      size: 2036
      sha256: aaaf68e5b95f7ac53e60e55552bb0919597bd4002ebdf45fbd580cbc1c71f487
  original:
    hackage: gio-0.13.8.1
- completed:
    hackage: glib-0.13.8.1@sha256:42670daf0c85309281e08ba8559df75daa2e3be642e79fdfa781bef5e59658b0,3156
    pantry-tree:
      size: 1625
      sha256: 1167575db8823b7a9f5fbaebdbc0ea5cef54301e442754ec256ba9371bd388e7
  original:
    hackage: glib-0.13.8.1
- completed:
    hackage: monoid-extras-0.6.1@sha256:15312b3ed40481fc879fc7021857421794403763325d5c05b8536198012170b1,2197
    pantry-tree:
      size: 1187
      sha256: 0baa6b12d8bbc9872d91f5dca7738759e3bd79bf719d1e94b96470fc1dda23b6
  original:
    hackage: monoid-extras-0.6.1
- completed:
    hackage: pango-0.13.8.1@sha256:877b121c0bf87c96d3619effae6751ecfd74b7f7f3227cf3fde012597aed5ed9,3917
    pantry-tree:
      size: 1506
      sha256: eec456a3d16f1a9305196a86a7c49a6f2cfe1b041a50b02059dc4898a07a3bd9
  original:
    hackage: pango-0.13.8.1
- completed:
    hackage: statestack-0.3@sha256:be43ce2cd790a4732b88cdc9480458503cb5e307b4f79a502d99d5b3d417730e,1135
    pantry-tree:
      size: 272
      sha256: ea567f5e40bda7ec0896394e386ab82ad48d5dc332b4bd9f3191b2d615dc126d
  original:
    hackage: statestack-0.3
- completed:
    hackage: active-0.2.0.15@sha256:22e235aefdd47121db743e138d309d7529b0eea545f9add8c113ce8f15ccf83e,1767
    pantry-tree:
      size: 1017
      sha256: 6a85d5f65421c1cff60e19d84acd52d077a674212ed00cbc036b4dc68ebd72e3
  original:
    hackage: active-0.2.0.15
snapshots:
- completed:
    size: 586286
    url: https://raw.githubusercontent.com/commercialhaskell/stackage-snapshots/master/lts/18/16.yaml
    sha256: cdead65fca0323144b346c94286186f4969bf85594d649c49c7557295675d8a5
  original: lts-18.16
