# This file was autogenerated by Stack.
# You should not edit this file by hand.
# For more information, please see the documentation at:
#   https://docs.haskellstack.org/en/stable/lock_files

packages:
- completed:
    hackage: emoji-0.1.0.2@sha256:d995572a5c7dcd28f98eb15c6e387a7b3bda1ac2477ab0d9dba8580d5d7b161f,1273
    pantry-tree:
      size: 437
      sha256: dd9ea90a631342e5db0fc21331ade4d563a685e9125d5a3989eefa8e1b96c6c6
  original:
    hackage: emoji-0.1.0.2
- completed:
    hackage: discord-haskell-1.8.9@sha256:70db1ad4cc268378b695395181d2d60d1f6034de5c508f569b8a5fbcbb4cb7a3,3630
    pantry-tree:
      size: 2107
      sha256: 963ee0a83369a0094f19116019cacd3bc6d459f5520d298e7a0079e319aeb9f3
  original:
    hackage: discord-haskell-1.8.9
- completed:
    hackage: bloodhound-0.18.0.0@sha256:d6577a039442b67f43cc584e703b7277f33f8994e14e817ac7c74c753dc995c6,3271
    pantry-tree:
      size: 2655
      sha256: a93d34981e8483803459804ac8a5d5ac111bc2c08f200f1dcbcc5e1355e06e17
  original:
    hackage: bloodhound-0.18.0.0
snapshots:
- completed:
    size: 587113
    url: https://raw.githubusercontent.com/commercialhaskell/stackage-snapshots/master/lts/18/6.yaml
    sha256: f74c482d7c93739ecf3abfbc0f2dea1c20a2dfb2462c689846ed55a9653b66f7
  original: lts-18.6
